
Microsoft Visual Studio Solution File, Format Version 12.00
# Visual Studio Version 17
VisualStudioVersion = 17.8.34408.163
MinimumVisualStudioVersion = 10.0.40219.1
Project("{FAE04EC0-301F-11D3-BF4B-00C04F79EFBC}") = "TaskControlApp.API", "TaskControlApp.API\TaskControlApp.API.csproj", "{6C1F7A8B-11F9-4285-8AF0-91DFF7DDA092}"
EndProject
Project("{FAE04EC0-301F-11D3-BF4B-00C04F79EFBC}") = "TaskControlApp.Application", "TaskControlApp.Application\TaskControlApp.Application.csproj", "{2875CD12-B33D-4AC4-9974-369A9814213B}"
EndProject
Project("{FAE04EC0-301F-11D3-BF4B-00C04F79EFBC}") = "TaskControlApp.Domain", "TaskControlApp.Domain\TaskControlApp.Domain.csproj", "{F204F1C8-ADA3-4493-819E-352BDDBAE918}"
EndProject
Project("{FAE04EC0-301F-11D3-BF4B-00C04F79EFBC}") = "TaskControlApp.Infra.Data", "TaskControlApp.Infra.Data\TaskControlApp.Infra.Data.csproj", "{315AAE4C-A9AA-4694-920A-A34F82A708A9}"
EndProject
Project("{FAE04EC0-301F-11D3-BF4B-00C04F79EFBC}") = "TaskControlApp.Infra.Ioc", "TaskControlApp.Infra.Ioc\TaskControlApp.Infra.Ioc.csproj", "{502E6390-3448-4C8A-A44B-DA05FBA86B81}"
EndProject
Global
	GlobalSection(SolutionConfigurationPlatforms) = preSolution
		Debug|Any CPU = Debug|Any CPU
		Release|Any CPU = Release|Any CPU
	EndGlobalSection
	GlobalSection(ProjectConfigurationPlatforms) = postSolution
		{6C1F7A8B-11F9-4285-8AF0-91DFF7DDA092}.Debug|Any CPU.ActiveCfg = Debug|Any CPU
		{6C1F7A8B-11F9-4285-8AF0-91DFF7DDA092}.Debug|Any CPU.Build.0 = Debug|Any CPU
		{6C1F7A8B-11F9-4285-8AF0-91DFF7DDA092}.Release|Any CPU.ActiveCfg = Release|Any CPU
		{6C1F7A8B-11F9-4285-8AF0-91DFF7DDA092}.Release|Any CPU.Build.0 = Release|Any CPU
		{2875CD12-B33D-4AC4-9974-369A9814213B}.Debug|Any CPU.ActiveCfg = Debug|Any CPU
		{2875CD12-B33D-4AC4-9974-369A9814213B}.Debug|Any CPU.Build.0 = Debug|Any CPU
		{2875CD12-B33D-4AC4-9974-369A9814213B}.Release|Any CPU.ActiveCfg = Release|Any CPU
		{2875CD12-B33D-4AC4-9974-369A9814213B}.Release|Any CPU.Build.0 = Release|Any CPU
		{F204F1C8-ADA3-4493-819E-352BDDBAE918}.Debug|Any CPU.ActiveCfg = Debug|Any CPU
		{F204F1C8-ADA3-4493-819E-352BDDBAE918}.Debug|Any CPU.Build.0 = Debug|Any CPU
		{F204F1C8-ADA3-4493-819E-352BDDBAE918}.Release|Any CPU.ActiveCfg = Release|Any CPU
		{F204F1C8-ADA3-4493-819E-352BDDBAE918}.Release|Any CPU.Build.0 = Release|Any CPU
		{315AAE4C-A9AA-4694-920A-A34F82A708A9}.Debug|Any CPU.ActiveCfg = Debug|Any CPU
		{315AAE4C-A9AA-4694-920A-A34F82A708A9}.Debug|Any CPU.Build.0 = Debug|Any CPU
		{315AAE4C-A9AA-4694-920A-A34F82A708A9}.Release|Any CPU.ActiveCfg = Release|Any CPU
		{315AAE4C-A9AA-4694-920A-A34F82A708A9}.Release|Any CPU.Build.0 = Release|Any CPU
		{502E6390-3448-4C8A-A44B-DA05FBA86B81}.Debug|Any CPU.ActiveCfg = Debug|Any CPU
		{502E6390-3448-4C8A-A44B-DA05FBA86B81}.Debug|Any CPU.Build.0 = Debug|Any CPU
		{502E6390-3448-4C8A-A44B-DA05FBA86B81}.Release|Any CPU.ActiveCfg = Release|Any CPU
		{502E6390-3448-4C8A-A44B-DA05FBA86B81}.Release|Any CPU.Build.0 = Release|Any CPU
	EndGlobalSection
	GlobalSection(SolutionProperties) = preSolution
		HideSolutionNode = FALSE
	EndGlobalSection
	GlobalSection(ExtensibilityGlobals) = postSolution
		SolutionGuid = {26375130-535F-4E8B-9F01-F93D8601507C}
	EndGlobalSection
EndGlobal
